
Microsoft Visual Studio Solution File, Format Version 12.00
# Visual Studio Version 16
VisualStudioVersion = 16.0.31005.135
MinimumVisualStudioVersion = 10.0.40219.1
Project("{9A19103F-16F7-4668-BE54-9A1E7A4F7556}") = "01Task", "01Task\01Task.csproj", "{85706687-B2CC-4371-899A-6008F77D52AD}"
EndProject
Project("{9A19103F-16F7-4668-BE54-9A1E7A4F7556}") = "02Task", "02Task\02Task.csproj", "{0A9A676A-2855-4732-95EA-EEB6F670544A}"
EndProject
Project("{9A19103F-16F7-4668-BE54-9A1E7A4F7556}") = "03Task", "03Task\03Task.csproj", "{65165862-27FB-4C59-BC91-A5F23D46878C}"
EndProject
Project("{9A19103F-16F7-4668-BE54-9A1E7A4F7556}") = "04Task", "04Task\04Task.csproj", "{17FB358E-E23E-4432-BBFD-DC3A32282829}"
EndProject
Project("{9A19103F-16F7-4668-BE54-9A1E7A4F7556}") = "05Task", "05Task\05Task.csproj", "{B8B08070-1DC6-487C-8D5D-B98CBA2B3718}"
EndProject
Project("{FAE04EC0-301F-11D3-BF4B-00C04F79EFBC}") = "06Task", "06Task\06Task.csproj", "{6E5607E5-C42A-4221-BC4F-B8F5BF4640A1}"
EndProject
Project("{FAE04EC0-301F-11D3-BF4B-00C04F79EFBC}") = "07Task", "07Task\07Task.csproj", "{A49C5A2E-04CD-4860-B7BA-1600F75E7970}"
EndProject
Project("{FAE04EC0-301F-11D3-BF4B-00C04F79EFBC}") = "08Test", "08Test\08Test.csproj", "{489BA651-D198-497E-8487-C0B7BA54AF56}"
EndProject
Project("{FAE04EC0-301F-11D3-BF4B-00C04F79EFBC}") = "10Task", "10Task\10Task.csproj", "{12A9415A-69AE-466D-8500-0B4C04DAA438}"
EndProject
Project("{FAE04EC0-301F-11D3-BF4B-00C04F79EFBC}") = "11Task", "11Task\11Task.csproj", "{A1DFB573-D4C4-46CB-835C-135345E5C3AC}"
EndProject
Project("{FAE04EC0-301F-11D3-BF4B-00C04F79EFBC}") = "12Task", "12Task\12Task.csproj", "{6A4AC208-9905-4FB9-B9ED-DF58DD221F75}"
EndProject
Global
	GlobalSection(SolutionConfigurationPlatforms) = preSolution
		Debug|Any CPU = Debug|Any CPU
		Release|Any CPU = Release|Any CPU
	EndGlobalSection
	GlobalSection(ProjectConfigurationPlatforms) = postSolution
		{85706687-B2CC-4371-899A-6008F77D52AD}.Debug|Any CPU.ActiveCfg = Debug|Any CPU
		{85706687-B2CC-4371-899A-6008F77D52AD}.Debug|Any CPU.Build.0 = Debug|Any CPU
		{85706687-B2CC-4371-899A-6008F77D52AD}.Release|Any CPU.ActiveCfg = Release|Any CPU
		{85706687-B2CC-4371-899A-6008F77D52AD}.Release|Any CPU.Build.0 = Release|Any CPU
		{0A9A676A-2855-4732-95EA-EEB6F670544A}.Debug|Any CPU.ActiveCfg = Debug|Any CPU
		{0A9A676A-2855-4732-95EA-EEB6F670544A}.Debug|Any CPU.Build.0 = Debug|Any CPU
		{0A9A676A-2855-4732-95EA-EEB6F670544A}.Release|Any CPU.ActiveCfg = Release|Any CPU
		{0A9A676A-2855-4732-95EA-EEB6F670544A}.Release|Any CPU.Build.0 = Release|Any CPU
		{65165862-27FB-4C59-BC91-A5F23D46878C}.Debug|Any CPU.ActiveCfg = Debug|Any CPU
		{65165862-27FB-4C59-BC91-A5F23D46878C}.Debug|Any CPU.Build.0 = Debug|Any CPU
		{65165862-27FB-4C59-BC91-A5F23D46878C}.Release|Any CPU.ActiveCfg = Release|Any CPU
		{65165862-27FB-4C59-BC91-A5F23D46878C}.Release|Any CPU.Build.0 = Release|Any CPU
		{17FB358E-E23E-4432-BBFD-DC3A32282829}.Debug|Any CPU.ActiveCfg = Debug|Any CPU
		{17FB358E-E23E-4432-BBFD-DC3A32282829}.Debug|Any CPU.Build.0 = Debug|Any CPU
		{17FB358E-E23E-4432-BBFD-DC3A32282829}.Release|Any CPU.ActiveCfg = Release|Any CPU
		{17FB358E-E23E-4432-BBFD-DC3A32282829}.Release|Any CPU.Build.0 = Release|Any CPU
		{B8B08070-1DC6-487C-8D5D-B98CBA2B3718}.Debug|Any CPU.ActiveCfg = Debug|Any CPU
		{B8B08070-1DC6-487C-8D5D-B98CBA2B3718}.Debug|Any CPU.Build.0 = Debug|Any CPU
		{B8B08070-1DC6-487C-8D5D-B98CBA2B3718}.Release|Any CPU.ActiveCfg = Release|Any CPU
		{B8B08070-1DC6-487C-8D5D-B98CBA2B3718}.Release|Any CPU.Build.0 = Release|Any CPU
		{6E5607E5-C42A-4221-BC4F-B8F5BF4640A1}.Debug|Any CPU.ActiveCfg = Debug|Any CPU
		{6E5607E5-C42A-4221-BC4F-B8F5BF4640A1}.Debug|Any CPU.Build.0 = Debug|Any CPU
		{6E5607E5-C42A-4221-BC4F-B8F5BF4640A1}.Release|Any CPU.ActiveCfg = Release|Any CPU
		{6E5607E5-C42A-4221-BC4F-B8F5BF4640A1}.Release|Any CPU.Build.0 = Release|Any CPU
		{A49C5A2E-04CD-4860-B7BA-1600F75E7970}.Debug|Any CPU.ActiveCfg = Debug|Any CPU
		{A49C5A2E-04CD-4860-B7BA-1600F75E7970}.Debug|Any CPU.Build.0 = Debug|Any CPU
		{A49C5A2E-04CD-4860-B7BA-1600F75E7970}.Release|Any CPU.ActiveCfg = Release|Any CPU
		{A49C5A2E-04CD-4860-B7BA-1600F75E7970}.Release|Any CPU.Build.0 = Release|Any CPU
		{489BA651-D198-497E-8487-C0B7BA54AF56}.Debug|Any CPU.ActiveCfg = Debug|Any CPU
		{489BA651-D198-497E-8487-C0B7BA54AF56}.Debug|Any CPU.Build.0 = Debug|Any CPU
		{489BA651-D198-497E-8487-C0B7BA54AF56}.Release|Any CPU.ActiveCfg = Release|Any CPU
		{489BA651-D198-497E-8487-C0B7BA54AF56}.Release|Any CPU.Build.0 = Release|Any CPU
		{12A9415A-69AE-466D-8500-0B4C04DAA438}.Debug|Any CPU.ActiveCfg = Debug|Any CPU
		{12A9415A-69AE-466D-8500-0B4C04DAA438}.Debug|Any CPU.Build.0 = Debug|Any CPU
		{12A9415A-69AE-466D-8500-0B4C04DAA438}.Release|Any CPU.ActiveCfg = Release|Any CPU
		{12A9415A-69AE-466D-8500-0B4C04DAA438}.Release|Any CPU.Build.0 = Release|Any CPU
		{A1DFB573-D4C4-46CB-835C-135345E5C3AC}.Debug|Any CPU.ActiveCfg = Debug|Any CPU
		{A1DFB573-D4C4-46CB-835C-135345E5C3AC}.Debug|Any CPU.Build.0 = Debug|Any CPU
		{A1DFB573-D4C4-46CB-835C-135345E5C3AC}.Release|Any CPU.ActiveCfg = Release|Any CPU
		{A1DFB573-D4C4-46CB-835C-135345E5C3AC}.Release|Any CPU.Build.0 = Release|Any CPU
		{6A4AC208-9905-4FB9-B9ED-DF58DD221F75}.Debug|Any CPU.ActiveCfg = Debug|Any CPU
		{6A4AC208-9905-4FB9-B9ED-DF58DD221F75}.Debug|Any CPU.Build.0 = Debug|Any CPU
		{6A4AC208-9905-4FB9-B9ED-DF58DD221F75}.Release|Any CPU.ActiveCfg = Release|Any CPU
		{6A4AC208-9905-4FB9-B9ED-DF58DD221F75}.Release|Any CPU.Build.0 = Release|Any CPU
	EndGlobalSection
	GlobalSection(SolutionProperties) = preSolution
		HideSolutionNode = FALSE
	EndGlobalSection
	GlobalSection(ExtensibilityGlobals) = postSolution
		SolutionGuid = {336A8B26-F7F3-4C28-B9AD-3D9F2DE006CF}
	EndGlobalSection
EndGlobal
